// !$*UTF8*$!
{
	archiveVersion = 1;
	classes = {
	};
	objectVersion = 55;
	objects = {

/* Begin PBXBuildFile section */
		C32C481427A7E025002FC4B5 /* UIKitSwiftUIIntegrationApp.swift in Sources */ = {isa = PBXBuildFile; fileRef = C32C481327A7E025002FC4B5 /* UIKitSwiftUIIntegrationApp.swift */; };
		C32C481627A7E025002FC4B5 /* ContentView.swift in Sources */ = {isa = PBXBuildFile; fileRef = C32C481527A7E025002FC4B5 /* ContentView.swift */; };
		C32C481827A7E028002FC4B5 /* Assets.xcassets in Resources */ = {isa = PBXBuildFile; fileRef = C32C481727A7E028002FC4B5 /* Assets.xcassets */; };
		C32C481B27A7E028002FC4B5 /* Preview Assets.xcassets in Resources */ = {isa = PBXBuildFile; fileRef = C32C481A27A7E028002FC4B5 /* Preview Assets.xcassets */; };
		C32C482527A7E028002FC4B5 /* UIKitSwiftUIIntegrationTests.swift in Sources */ = {isa = PBXBuildFile; fileRef = C32C482427A7E028002FC4B5 /* UIKitSwiftUIIntegrationTests.swift */; };
		C32C482F27A7E028002FC4B5 /* UIKitSwiftUIIntegrationUITests.swift in Sources */ = {isa = PBXBuildFile; fileRef = C32C482E27A7E028002FC4B5 /* UIKitSwiftUIIntegrationUITests.swift */; };
		C32C483127A7E028002FC4B5 /* UIKitSwiftUIIntegrationUITestsLaunchTests.swift in Sources */ = {isa = PBXBuildFile; fileRef = C32C483027A7E028002FC4B5 /* UIKitSwiftUIIntegrationUITestsLaunchTests.swift */; };
		C32C483E27A7E048002FC4B5 /* ImagePicker.swift in Sources */ = {isa = PBXBuildFile; fileRef = C32C483D27A7E048002FC4B5 /* ImagePicker.swift */; };
/* End PBXBuildFile section */

/* Begin PBXContainerItemProxy section */
		C32C482127A7E028002FC4B5 /* PBXContainerItemProxy */ = {
			isa = PBXContainerItemProxy;
			containerPortal = C32C480827A7E025002FC4B5 /* Project object */;
			proxyType = 1;
			remoteGlobalIDString = C32C480F27A7E025002FC4B5;
			remoteInfo = UIKitSwiftUIIntegration;
		};
		C32C482B27A7E028002FC4B5 /* PBXContainerItemProxy */ = {
			isa = PBXContainerItemProxy;
			containerPortal = C32C480827A7E025002FC4B5 /* Project object */;
			proxyType = 1;
			remoteGlobalIDString = C32C480F27A7E025002FC4B5;
			remoteInfo = UIKitSwiftUIIntegration;
		};
/* End PBXContainerItemProxy section */

/* Begin PBXFileReference section */
		C32C481027A7E025002FC4B5 /* UIKitSwiftUIIntegration.app */ = {isa = PBXFileReference; explicitFileType = wrapper.application; includeInIndex = 0; path = UIKitSwiftUIIntegration.app; sourceTree = BUILT_PRODUCTS_DIR; };
		C32C481327A7E025002FC4B5 /* UIKitSwiftUIIntegrationApp.swift */ = {isa = PBXFileReference; lastKnownFileType = sourcecode.swift; path = UIKitSwiftUIIntegrationApp.swift; sourceTree = "<group>"; };
		C32C481527A7E025002FC4B5 /* ContentView.swift */ = {isa = PBXFileReference; lastKnownFileType = sourcecode.swift; path = ContentView.swift; sourceTree = "<group>"; };
		C32C481727A7E028002FC4B5 /* Assets.xcassets */ = {isa = PBXFileReference; lastKnownFileType = folder.assetcatalog; path = Assets.xcassets; sourceTree = "<group>"; };
		C32C481A27A7E028002FC4B5 /* Preview Assets.xcassets */ = {isa = PBXFileReference; lastKnownFileType = folder.assetcatalog; path = "Preview Assets.xcassets"; sourceTree = "<group>"; };
		C32C482027A7E028002FC4B5 /* UIKitSwiftUIIntegrationTests.xctest */ = {isa = PBXFileReference; explicitFileType = wrapper.cfbundle; includeInIndex = 0; path = UIKitSwiftUIIntegrationTests.xctest; sourceTree = BUILT_PRODUCTS_DIR; };
		C32C482427A7E028002FC4B5 /* UIKitSwiftUIIntegrationTests.swift */ = {isa = PBXFileReference; lastKnownFileType = sourcecode.swift; path = UIKitSwiftUIIntegrationTests.swift; sourceTree = "<group>"; };
		C32C482A27A7E028002FC4B5 /* UIKitSwiftUIIntegrationUITests.xctest */ = {isa = PBXFileReference; explicitFileType = wrapper.cfbundle; includeInIndex = 0; path = UIKitSwiftUIIntegrationUITests.xctest; sourceTree = BUILT_PRODUCTS_DIR; };
		C32C482E27A7E028002FC4B5 /* UIKitSwiftUIIntegrationUITests.swift */ = {isa = PBXFileReference; lastKnownFileType = sourcecode.swift; path = UIKitSwiftUIIntegrationUITests.swift; sourceTree = "<group>"; };
		C32C483027A7E028002FC4B5 /* UIKitSwiftUIIntegrationUITestsLaunchTests.swift */ = {isa = PBXFileReference; lastKnownFileType = sourcecode.swift; path = UIKitSwiftUIIntegrationUITestsLaunchTests.swift; sourceTree = "<group>"; };
		C32C483D27A7E048002FC4B5 /* ImagePicker.swift */ = {isa = PBXFileReference; lastKnownFileType = sourcecode.swift; path = ImagePicker.swift; sourceTree = "<group>"; };
/* End PBXFileReference section */

/* Begin PBXFrameworksBuildPhase section */
		C32C480D27A7E025002FC4B5 /* Frameworks */ = {
			isa = PBXFrameworksBuildPhase;
			buildActionMask = 2147483647;
			files = (
			);
			runOnlyForDeploymentPostprocessing = 0;
		};
		C32C481D27A7E028002FC4B5 /* Frameworks */ = {
			isa = PBXFrameworksBuildPhase;
			buildActionMask = 2147483647;
			files = (
			);
			runOnlyForDeploymentPostprocessing = 0;
		};
		C32C482727A7E028002FC4B5 /* Frameworks */ = {
			isa = PBXFrameworksBuildPhase;
			buildActionMask = 2147483647;
			files = (
			);
			runOnlyForDeploymentPostprocessing = 0;
		};
/* End PBXFrameworksBuildPhase section */

/* Begin PBXGroup section */
		C32C480727A7E025002FC4B5 = {
			isa = PBXGroup;
			children = (
				C32C481227A7E025002FC4B5 /* UIKitSwiftUIIntegration */,
				C32C482327A7E028002FC4B5 /* UIKitSwiftUIIntegrationTests */,
				C32C482D27A7E028002FC4B5 /* UIKitSwiftUIIntegrationUITests */,
				C32C481127A7E025002FC4B5 /* Products */,
			);
			sourceTree = "<group>";
		};
		C32C481127A7E025002FC4B5 /* Products */ = {
			isa = PBXGroup;
			children = (
				C32C481027A7E025002FC4B5 /* UIKitSwiftUIIntegration.app */,
				C32C482027A7E028002FC4B5 /* UIKitSwiftUIIntegrationTests.xctest */,
				C32C482A27A7E028002FC4B5 /* UIKitSwiftUIIntegrationUITests.xctest */,
			);
			name = Products;
			sourceTree = "<group>";
		};
		C32C481227A7E025002FC4B5 /* UIKitSwiftUIIntegration */ = {
			isa = PBXGroup;
			children = (
				C32C481327A7E025002FC4B5 /* UIKitSwiftUIIntegrationApp.swift */,
				C32C481527A7E025002FC4B5 /* ContentView.swift */,
				C32C483D27A7E048002FC4B5 /* ImagePicker.swift */,
				C32C481727A7E028002FC4B5 /* Assets.xcassets */,
				C32C481927A7E028002FC4B5 /* Preview Content */,
			);
			path = UIKitSwiftUIIntegration;
			sourceTree = "<group>";
		};
		C32C481927A7E028002FC4B5 /* Preview Content */ = {
			isa = PBXGroup;
			children = (
				C32C481A27A7E028002FC4B5 /* Preview Assets.xcassets */,
			);
			path = "Preview Content";
			sourceTree = "<group>";
		};
		C32C482327A7E028002FC4B5 /* UIKitSwiftUIIntegrationTests */ = {
			isa = PBXGroup;
			children = (
				C32C482427A7E028002FC4B5 /* UIKitSwiftUIIntegrationTests.swift */,
			);
			path = UIKitSwiftUIIntegrationTests;
			sourceTree = "<group>";
		};
		C32C482D27A7E028002FC4B5 /* UIKitSwiftUIIntegrationUITests */ = {
			isa = PBXGroup;
			children = (
				C32C482E27A7E028002FC4B5 /* UIKitSwiftUIIntegrationUITests.swift */,
				C32C483027A7E028002FC4B5 /* UIKitSwiftUIIntegrationUITestsLaunchTests.swift */,
			);
			path = UIKitSwiftUIIntegrationUITests;
			sourceTree = "<group>";
		};
/* End PBXGroup section */

/* Begin PBXNativeTarget section */
		C32C480F27A7E025002FC4B5 /* UIKitSwiftUIIntegration */ = {
			isa = PBXNativeTarget;
			buildConfigurationList = C32C483427A7E028002FC4B5 /* Build configuration list for PBXNativeTarget "UIKitSwiftUIIntegration" */;
			buildPhases = (
				C32C480C27A7E025002FC4B5 /* Sources */,
				C32C480D27A7E025002FC4B5 /* Frameworks */,
				C32C480E27A7E025002FC4B5 /* Resources */,
			);
			buildRules = (
			);
			dependencies = (
			);
			name = UIKitSwiftUIIntegration;
			productName = UIKitSwiftUIIntegration;
			productReference = C32C481027A7E025002FC4B5 /* UIKitSwiftUIIntegration.app */;
			productType = "com.apple.product-type.application";
		};
		C32C481F27A7E028002FC4B5 /* UIKitSwiftUIIntegrationTests */ = {
			isa = PBXNativeTarget;
			buildConfigurationList = C32C483727A7E028002FC4B5 /* Build configuration list for PBXNativeTarget "UIKitSwiftUIIntegrationTests" */;
			buildPhases = (
				C32C481C27A7E028002FC4B5 /* Sources */,
				C32C481D27A7E028002FC4B5 /* Frameworks */,
				C32C481E27A7E028002FC4B5 /* Resources */,
			);
			buildRules = (
			);
			dependencies = (
				C32C482227A7E028002FC4B5 /* PBXTargetDependency */,
			);
			name = UIKitSwiftUIIntegrationTests;
			productName = UIKitSwiftUIIntegrationTests;
			productReference = C32C482027A7E028002FC4B5 /* UIKitSwiftUIIntegrationTests.xctest */;
			productType = "com.apple.product-type.bundle.unit-test";
		};
		C32C482927A7E028002FC4B5 /* UIKitSwiftUIIntegrationUITests */ = {
			isa = PBXNativeTarget;
			buildConfigurationList = C32C483A27A7E028002FC4B5 /* Build configuration list for PBXNativeTarget "UIKitSwiftUIIntegrationUITests" */;
			buildPhases = (
				C32C482627A7E028002FC4B5 /* Sources */,
				C32C482727A7E028002FC4B5 /* Frameworks */,
				C32C482827A7E028002FC4B5 /* Resources */,
			);
			buildRules = (
			);
			dependencies = (
				C32C482C27A7E028002FC4B5 /* PBXTargetDependency */,
			);
			name = UIKitSwiftUIIntegrationUITests;
			productName = UIKitSwiftUIIntegrationUITests;
			productReference = C32C482A27A7E028002FC4B5 /* UIKitSwiftUIIntegrationUITests.xctest */;
			productType = "com.apple.product-type.bundle.ui-testing";
		};
/* End PBXNativeTarget section */

/* Begin PBXProject section */
		C32C480827A7E025002FC4B5 /* Project object */ = {
			isa = PBXProject;
			attributes = {
				BuildIndependentTargetsInParallel = 1;
				LastSwiftUpdateCheck = 1320;
				LastUpgradeCheck = 1320;
				TargetAttributes = {
					C32C480F27A7E025002FC4B5 = {
						CreatedOnToolsVersion = 13.2.1;
					};
					C32C481F27A7E028002FC4B5 = {
						CreatedOnToolsVersion = 13.2.1;
						TestTargetID = C32C480F27A7E025002FC4B5;
					};
					C32C482927A7E028002FC4B5 = {
						CreatedOnToolsVersion = 13.2.1;
						TestTargetID = C32C480F27A7E025002FC4B5;
					};
				};
			};
			buildConfigurationList = C32C480B27A7E025002FC4B5 /* Build configuration list for PBXProject "UIKitSwiftUIIntegration" */;
			compatibilityVersion = "Xcode 13.0";
			developmentRegion = en;
			hasScannedForEncodings = 0;
			knownRegions = (
				en,
				Base,
			);
			mainGroup = C32C480727A7E025002FC4B5;
			productRefGroup = C32C481127A7E025002FC4B5 /* Products */;
			projectDirPath = "";
			projectRoot = "";
			targets = (
				C32C480F27A7E025002FC4B5 /* UIKitSwiftUIIntegration */,
				C32C481F27A7E028002FC4B5 /* UIKitSwiftUIIntegrationTests */,
				C32C482927A7E028002FC4B5 /* UIKitSwiftUIIntegrationUITests */,
			);
		};
/* End PBXProject section */

/* Begin PBXResourcesBuildPhase section */
		C32C480E27A7E025002FC4B5 /* Resources */ = {
			isa = PBXResourcesBuildPhase;
			buildActionMask = 2147483647;
			files = (
				C32C481B27A7E028002FC4B5 /* Preview Assets.xcassets in Resources */,
				C32C481827A7E028002FC4B5 /* Assets.xcassets in Resources */,
			);
			runOnlyForDeploymentPostprocessing = 0;
		};
		C32C481E27A7E028002FC4B5 /* Resources */ = {
			isa = PBXResourcesBuildPhase;
			buildActionMask = 2147483647;
			files = (
			);
			runOnlyForDeploymentPostprocessing = 0;
		};
		C32C482827A7E028002FC4B5 /* Resources */ = {
			isa = PBXResourcesBuildPhase;
			buildActionMask = 2147483647;
			files = (
			);
			runOnlyForDeploymentPostprocessing = 0;
		};
/* End PBXResourcesBuildPhase section */

/* Begin PBXSourcesBuildPhase section */
		C32C480C27A7E025002FC4B5 /* Sources */ = {
			isa = PBXSourcesBuildPhase;
			buildActionMask = 2147483647;
			files = (
				C32C483E27A7E048002FC4B5 /* ImagePicker.swift in Sources */,
				C32C481627A7E025002FC4B5 /* ContentView.swift in Sources */,
				C32C481427A7E025002FC4B5 /* UIKitSwiftUIIntegrationApp.swift in Sources */,
			);
			runOnlyForDeploymentPostprocessing = 0;
		};
		C32C481C27A7E028002FC4B5 /* Sources */ = {
			isa = PBXSourcesBuildPhase;
			buildActionMask = 2147483647;
			files = (
				C32C482527A7E028002FC4B5 /* UIKitSwiftUIIntegrationTests.swift in Sources */,
			);
			runOnlyForDeploymentPostprocessing = 0;
		};
		C32C482627A7E028002FC4B5 /* Sources */ = {
			isa = PBXSourcesBuildPhase;
			buildActionMask = 2147483647;
			files = (
				C32C483127A7E028002FC4B5 /* UIKitSwiftUIIntegrationUITestsLaunchTests.swift in Sources */,
				C32C482F27A7E028002FC4B5 /* UIKitSwiftUIIntegrationUITests.swift in Sources */,
			);
			runOnlyForDeploymentPostprocessing = 0;
		};
/* End PBXSourcesBuildPhase section */

/* Begin PBXTargetDependency section */
		C32C482227A7E028002FC4B5 /* PBXTargetDependency */ = {
			isa = PBXTargetDependency;
			target = C32C480F27A7E025002FC4B5 /* UIKitSwiftUIIntegration */;
			targetProxy = C32C482127A7E028002FC4B5 /* PBXContainerItemProxy */;
		};
		C32C482C27A7E028002FC4B5 /* PBXTargetDependency */ = {
			isa = PBXTargetDependency;
			target = C32C480F27A7E025002FC4B5 /* UIKitSwiftUIIntegration */;
			targetProxy = C32C482B27A7E028002FC4B5 /* PBXContainerItemProxy */;
		};
/* End PBXTargetDependency section */

/* Begin XCBuildConfiguration section */
		C32C483227A7E028002FC4B5 /* Debug */ = {
			isa = XCBuildConfiguration;
			buildSettings = {
				ALWAYS_SEARCH_USER_PATHS = NO;
				CLANG_ANALYZER_NONNULL = YES;
				CLANG_ANALYZER_NUMBER_OBJECT_CONVERSION = YES_AGGRESSIVE;
				CLANG_CXX_LANGUAGE_STANDARD = "gnu++17";
				CLANG_CXX_LIBRARY = "libc++";
				CLANG_ENABLE_MODULES = YES;
				CLANG_ENABLE_OBJC_ARC = YES;
				CLANG_ENABLE_OBJC_WEAK = YES;
				CLANG_WARN_BLOCK_CAPTURE_AUTORELEASING = YES;
				CLANG_WARN_BOOL_CONVERSION = YES;
				CLANG_WARN_COMMA = YES;
				CLANG_WARN_CONSTANT_CONVERSION = YES;
				CLANG_WARN_DEPRECATED_OBJC_IMPLEMENTATIONS = YES;
				CLANG_WARN_DIRECT_OBJC_ISA_USAGE = YES_ERROR;
				CLANG_WARN_DOCUMENTATION_COMMENTS = YES;
				CLANG_WARN_EMPTY_BODY = YES;
				CLANG_WARN_ENUM_CONVERSION = YES;
				CLANG_WARN_INFINITE_RECURSION = YES;
				CLANG_WARN_INT_CONVERSION = YES;
				CLANG_WARN_NON_LITERAL_NULL_CONVERSION = YES;
				CLANG_WARN_OBJC_IMPLICIT_RETAIN_SELF = YES;
				CLANG_WARN_OBJC_LITERAL_CONVERSION = YES;
				CLANG_WARN_OBJC_ROOT_CLASS = YES_ERROR;
				CLANG_WARN_QUOTED_INCLUDE_IN_FRAMEWORK_HEADER = YES;
				CLANG_WARN_RANGE_LOOP_ANALYSIS = YES;
				CLANG_WARN_STRICT_PROTOTYPES = YES;
				CLANG_WARN_SUSPICIOUS_MOVE = YES;
				CLANG_WARN_UNGUARDED_AVAILABILITY = YES_AGGRESSIVE;
				CLANG_WARN_UNREACHABLE_CODE = YES;
				CLANG_WARN__DUPLICATE_METHOD_MATCH = YES;
				COPY_PHASE_STRIP = NO;
				DEBUG_INFORMATION_FORMAT = dwarf;
				ENABLE_STRICT_OBJC_MSGSEND = YES;
				ENABLE_TESTABILITY = YES;
				GCC_C_LANGUAGE_STANDARD = gnu11;
				GCC_DYNAMIC_NO_PIC = NO;
				GCC_NO_COMMON_BLOCKS = YES;
				GCC_OPTIMIZATION_LEVEL = 0;
				GCC_PREPROCESSOR_DEFINITIONS = (
					"DEBUG=1",
					"$(inherited)",
				);
				GCC_WARN_64_TO_32_BIT_CONVERSION = YES;
				GCC_WARN_ABOUT_RETURN_TYPE = YES_ERROR;
				GCC_WARN_UNDECLARED_SELECTOR = YES;
				GCC_WARN_UNINITIALIZED_AUTOS = YES_AGGRESSIVE;
				GCC_WARN_UNUSED_FUNCTION = YES;
				GCC_WARN_UNUSED_VARIABLE = YES;
				IPHONEOS_DEPLOYMENT_TARGET = 15.2;
				MTL_ENABLE_DEBUG_INFO = INCLUDE_SOURCE;
				MTL_FAST_MATH = YES;
				ONLY_ACTIVE_ARCH = YES;
				SDKROOT = iphoneos;
				SWIFT_ACTIVE_COMPILATION_CONDITIONS = DEBUG;
				SWIFT_OPTIMIZATION_LEVEL = "-Onone";
			};
			name = Debug;
		};
		C32C483327A7E028002FC4B5 /* Release */ = {
			isa = XCBuildConfiguration;
			buildSettings = {
				ALWAYS_SEARCH_USER_PATHS = NO;
				CLANG_ANALYZER_NONNULL = YES;
				CLANG_ANALYZER_NUMBER_OBJECT_CONVERSION = YES_AGGRESSIVE;
				CLANG_CXX_LANGUAGE_STANDARD = "gnu++17";
				CLANG_CXX_LIBRARY = "libc++";
				CLANG_ENABLE_MODULES = YES;
				CLANG_ENABLE_OBJC_ARC = YES;
				CLANG_ENABLE_OBJC_WEAK = YES;
				CLANG_WARN_BLOCK_CAPTURE_AUTORELEASING = YES;
				CLANG_WARN_BOOL_CONVERSION = YES;
				CLANG_WARN_COMMA = YES;
				CLANG_WARN_CONSTANT_CONVERSION = YES;
				CLANG_WARN_DEPRECATED_OBJC_IMPLEMENTATIONS = YES;
				CLANG_WARN_DIRECT_OBJC_ISA_USAGE = YES_ERROR;
				CLANG_WARN_DOCUMENTATION_COMMENTS = YES;
				CLANG_WARN_EMPTY_BODY = YES;
				CLANG_WARN_ENUM_CONVERSION = YES;
				CLANG_WARN_INFINITE_RECURSION = YES;
				CLANG_WARN_INT_CONVERSION = YES;
				CLANG_WARN_NON_LITERAL_NULL_CONVERSION = YES;
				CLANG_WARN_OBJC_IMPLICIT_RETAIN_SELF = YES;
				CLANG_WARN_OBJC_LITERAL_CONVERSION = YES;
				CLANG_WARN_OBJC_ROOT_CLASS = YES_ERROR;
				CLANG_WARN_QUOTED_INCLUDE_IN_FRAMEWORK_HEADER = YES;
				CLANG_WARN_RANGE_LOOP_ANALYSIS = YES;
				CLANG_WARN_STRICT_PROTOTYPES = YES;
				CLANG_WARN_SUSPICIOUS_MOVE = YES;
				CLANG_WARN_UNGUARDED_AVAILABILITY = YES_AGGRESSIVE;
				CLANG_WARN_UNREACHABLE_CODE = YES;
				CLANG_WARN__DUPLICATE_METHOD_MATCH = YES;
				COPY_PHASE_STRIP = NO;
				DEBUG_INFORMATION_FORMAT = "dwarf-with-dsym";
				ENABLE_NS_ASSERTIONS = NO;
				ENABLE_STRICT_OBJC_MSGSEND = YES;
				GCC_C_LANGUAGE_STANDARD = gnu11;
				GCC_NO_COMMON_BLOCKS = YES;
				GCC_WARN_64_TO_32_BIT_CONVERSION = YES;
				GCC_WARN_ABOUT_RETURN_TYPE = YES_ERROR;
				GCC_WARN_UNDECLARED_SELECTOR = YES;
				GCC_WARN_UNINITIALIZED_AUTOS = YES_AGGRESSIVE;
				GCC_WARN_UNUSED_FUNCTION = YES;
				GCC_WARN_UNUSED_VARIABLE = YES;
				IPHONEOS_DEPLOYMENT_TARGET = 15.2;
				MTL_ENABLE_DEBUG_INFO = NO;
				MTL_FAST_MATH = YES;
				SDKROOT = iphoneos;
				SWIFT_COMPILATION_MODE = wholemodule;
				SWIFT_OPTIMIZATION_LEVEL = "-O";
				VALIDATE_PRODUCT = YES;
			};
			name = Release;
		};
		C32C483527A7E028002FC4B5 /* Debug */ = {
			isa = XCBuildConfiguration;
			buildSettings = {
				ASSETCATALOG_COMPILER_APPICON_NAME = AppIcon;
				ASSETCATALOG_COMPILER_GLOBAL_ACCENT_COLOR_NAME = AccentColor;
				CODE_SIGN_STYLE = Automatic;
				CURRENT_PROJECT_VERSION = 1;
				DEVELOPMENT_ASSET_PATHS = "\"UIKitSwiftUIIntegration/Preview Content\"";
				ENABLE_PREVIEWS = YES;
				GENERATE_INFOPLIST_FILE = YES;
				INFOPLIST_KEY_UIApplicationSceneManifest_Generation = YES;
				INFOPLIST_KEY_UIApplicationSupportsIndirectInputEvents = YES;
				INFOPLIST_KEY_UILaunchScreen_Generation = YES;
				INFOPLIST_KEY_UISupportedInterfaceOrientations_iPad = "UIInterfaceOrientationPortrait UIInterfaceOrientationPortraitUpsideDown UIInterfaceOrientationLandscapeLeft UIInterfaceOrientationLandscapeRight";
				INFOPLIST_KEY_UISupportedInterfaceOrientations_iPhone = "UIInterfaceOrientationPortrait UIInterfaceOrientationLandscapeLeft UIInterfaceOrientationLandscapeRight";
				LD_RUNPATH_SEARCH_PATHS = (
					"$(inherited)",
					"@executable_path/Frameworks",
				);
				MARKETING_VERSION = 1.0;
				PRODUCT_BUNDLE_IDENTIFIER = com.scorp.UIKitSwiftUIIntegration;
				PRODUCT_NAME = "$(TARGET_NAME)";
				SWIFT_EMIT_LOC_STRINGS = YES;
				SWIFT_VERSION = 5.0;
				TARGETED_DEVICE_FAMILY = "1,2";
			};
			name = Debug;
		};
		C32C483627A7E028002FC4B5 /* Release */ = {
			isa = XCBuildConfiguration;
			buildSettings = {
				ASSETCATALOG_COMPILER_APPICON_NAME = AppIcon;
				ASSETCATALOG_COMPILER_GLOBAL_ACCENT_COLOR_NAME = AccentColor;
				CODE_SIGN_STYLE = Automatic;
				CURRENT_PROJECT_VERSION = 1;
				DEVELOPMENT_ASSET_PATHS = "\"UIKitSwiftUIIntegration/Preview Content\"";
				ENABLE_PREVIEWS = YES;
				GENERATE_INFOPLIST_FILE = YES;
				INFOPLIST_KEY_UIApplicationSceneManifest_Generation = YES;
				INFOPLIST_KEY_UIApplicationSupportsIndirectInputEvents = YES;
				INFOPLIST_KEY_UILaunchScreen_Generation = YES;
				INFOPLIST_KEY_UISupportedInterfaceOrientations_iPad = "UIInterfaceOrientationPortrait UIInterfaceOrientationPortraitUpsideDown UIInterfaceOrientationLandscapeLeft UIInterfaceOrientationLandscapeRight";
				INFOPLIST_KEY_UISupportedInterfaceOrientations_iPhone = "UIInterfaceOrientationPortrait UIInterfaceOrientationLandscapeLeft UIInterfaceOrientationLandscapeRight";
				LD_RUNPATH_SEARCH_PATHS = (
					"$(inherited)",
					"@executable_path/Frameworks",
				);
				MARKETING_VERSION = 1.0;
				PRODUCT_BUNDLE_IDENTIFIER = com.scorp.UIKitSwiftUIIntegration;
				PRODUCT_NAME = "$(TARGET_NAME)";
				SWIFT_EMIT_LOC_STRINGS = YES;
				SWIFT_VERSION = 5.0;
				TARGETED_DEVICE_FAMILY = "1,2";
			};
			name = Release;
		};
		C32C483827A7E028002FC4B5 /* Debug */ = {
			isa = XCBuildConfiguration;
			buildSettings = {
				ALWAYS_EMBED_SWIFT_STANDARD_LIBRARIES = YES;
				BUNDLE_LOADER = "$(TEST_HOST)";
				CODE_SIGN_STYLE = Automatic;
				CURRENT_PROJECT_VERSION = 1;
				GENERATE_INFOPLIST_FILE = YES;
				IPHONEOS_DEPLOYMENT_TARGET = 15.2;
				MARKETING_VERSION = 1.0;
				PRODUCT_BUNDLE_IDENTIFIER = com.scorp.UIKitSwiftUIIntegrationTests;
				PRODUCT_NAME = "$(TARGET_NAME)";
				SWIFT_EMIT_LOC_STRINGS = NO;
				SWIFT_VERSION = 5.0;
				TARGETED_DEVICE_FAMILY = "1,2";
				TEST_HOST = "$(BUILT_PRODUCTS_DIR)/UIKitSwiftUIIntegration.app/UIKitSwiftUIIntegration";
			};
			name = Debug;
		};
		C32C483927A7E028002FC4B5 /* Release */ = {
			isa = XCBuildConfiguration;
			buildSettings = {
				ALWAYS_EMBED_SWIFT_STANDARD_LIBRARIES = YES;
				BUNDLE_LOADER = "$(TEST_HOST)";
				CODE_SIGN_STYLE = Automatic;
				CURRENT_PROJECT_VERSION = 1;
				GENERATE_INFOPLIST_FILE = YES;
				IPHONEOS_DEPLOYMENT_TARGET = 15.2;
				MARKETING_VERSION = 1.0;
				PRODUCT_BUNDLE_IDENTIFIER = com.scorp.UIKitSwiftUIIntegrationTests;
				PRODUCT_NAME = "$(TARGET_NAME)";
				SWIFT_EMIT_LOC_STRINGS = NO;
				SWIFT_VERSION = 5.0;
				TARGETED_DEVICE_FAMILY = "1,2";
				TEST_HOST = "$(BUILT_PRODUCTS_DIR)/UIKitSwiftUIIntegration.app/UIKitSwiftUIIntegration";
			};
			name = Release;
		};
		C32C483B27A7E028002FC4B5 /* Debug */ = {
			isa = XCBuildConfiguration;
			buildSettings = {
				ALWAYS_EMBED_SWIFT_STANDARD_LIBRARIES = YES;
				CODE_SIGN_STYLE = Automatic;
				CURRENT_PROJECT_VERSION = 1;
				GENERATE_INFOPLIST_FILE = YES;
				MARKETING_VERSION = 1.0;
				PRODUCT_BUNDLE_IDENTIFIER = com.scorp.UIKitSwiftUIIntegrationUITests;
				PRODUCT_NAME = "$(TARGET_NAME)";
				SWIFT_EMIT_LOC_STRINGS = NO;
				SWIFT_VERSION = 5.0;
				TARGETED_DEVICE_FAMILY = "1,2";
				TEST_TARGET_NAME = UIKitSwiftUIIntegration;
			};
			name = Debug;
		};
		C32C483C27A7E028002FC4B5 /* Release */ = {
			isa = XCBuildConfiguration;
			buildSettings = {
				ALWAYS_EMBED_SWIFT_STANDARD_LIBRARIES = YES;
				CODE_SIGN_STYLE = Automatic;
				CURRENT_PROJECT_VERSION = 1;
				GENERATE_INFOPLIST_FILE = YES;
				MARKETING_VERSION = 1.0;
				PRODUCT_BUNDLE_IDENTIFIER = com.scorp.UIKitSwiftUIIntegrationUITests;
				PRODUCT_NAME = "$(TARGET_NAME)";
				SWIFT_EMIT_LOC_STRINGS = NO;
				SWIFT_VERSION = 5.0;
				TARGETED_DEVICE_FAMILY = "1,2";
				TEST_TARGET_NAME = UIKitSwiftUIIntegration;
			};
			name = Release;
		};
/* End XCBuildConfiguration section */

/* Begin XCConfigurationList section */
		C32C480B27A7E025002FC4B5 /* Build configuration list for PBXProject "UIKitSwiftUIIntegration" */ = {
			isa = XCConfigurationList;
			buildConfigurations = (
				C32C483227A7E028002FC4B5 /* Debug */,
				C32C483327A7E028002FC4B5 /* Release */,
			);
			defaultConfigurationIsVisible = 0;
			defaultConfigurationName = Release;
		};
		C32C483427A7E028002FC4B5 /* Build configuration list for PBXNativeTarget "UIKitSwiftUIIntegration" */ = {
			isa = XCConfigurationList;
			buildConfigurations = (
				C32C483527A7E028002FC4B5 /* Debug */,
				C32C483627A7E028002FC4B5 /* Release */,
			);
			defaultConfigurationIsVisible = 0;
			defaultConfigurationName = Release;
		};
		C32C483727A7E028002FC4B5 /* Build configuration list for PBXNativeTarget "UIKitSwiftUIIntegrationTests" */ = {
			isa = XCConfigurationList;
			buildConfigurations = (
				C32C483827A7E028002FC4B5 /* Debug */,
				C32C483927A7E028002FC4B5 /* Release */,
			);
			defaultConfigurationIsVisible = 0;
			defaultConfigurationName = Release;
		};
		C32C483A27A7E028002FC4B5 /* Build configuration list for PBXNativeTarget "UIKitSwiftUIIntegrationUITests" */ = {
			isa = XCConfigurationList;
			buildConfigurations = (
				C32C483B27A7E028002FC4B5 /* Debug */,
				C32C483C27A7E028002FC4B5 /* Release */,
			);
			defaultConfigurationIsVisible = 0;
			defaultConfigurationName = Release;
		};
/* End XCConfigurationList section */
	};
	rootObject = C32C480827A7E025002FC4B5 /* Project object */;
}
